// !$*UTF8*$!
{
	archiveVersion = 1;
	classes = {
	};
	objectVersion = 46;
	objects = {

/* Begin PBXBuildFile section */
		01A0DA8D1977DE9900D12300 /* BSCustomerViewController.m in Sources */ = {isa = PBXBuildFile; fileRef = 01A0DA8C1977DE9900D12300 /* BSCustomerViewController.m */; };
		01A0DA901977DED600D12300 /* BSCustomerView.m in Sources */ = {isa = PBXBuildFile; fileRef = 01A0DA8F1977DED600D12300 /* BSCustomerView.m */; };
		6E6537DD19472BD700FC6349 /* Foundation.framework in Frameworks */ = {isa = PBXBuildFile; fileRef = 6E6537DC19472BD700FC6349 /* Foundation.framework */; };
		6E6537DF19472BD700FC6349 /* CoreGraphics.framework in Frameworks */ = {isa = PBXBuildFile; fileRef = 6E6537DE19472BD700FC6349 /* CoreGraphics.framework */; };
		6E6537E119472BD700FC6349 /* UIKit.framework in Frameworks */ = {isa = PBXBuildFile; fileRef = 6E6537E019472BD700FC6349 /* UIKit.framework */; };
		6E6537E719472BD700FC6349 /* InfoPlist.strings in Resources */ = {isa = PBXBuildFile; fileRef = 6E6537E519472BD700FC6349 /* InfoPlist.strings */; };
		6E6537E919472BD700FC6349 /* main.m in Sources */ = {isa = PBXBuildFile; fileRef = 6E6537E819472BD700FC6349 /* main.m */; };
		6E6537ED19472BD700FC6349 /* BSAppDelegate.m in Sources */ = {isa = PBXBuildFile; fileRef = 6E6537EC19472BD700FC6349 /* BSAppDelegate.m */; };
		6E6537EF19472BD700FC6349 /* Images.xcassets in Resources */ = {isa = PBXBuildFile; fileRef = 6E6537EE19472BD700FC6349 /* Images.xcassets */; };
		6E6537F619472BD700FC6349 /* XCTest.framework in Frameworks */ = {isa = PBXBuildFile; fileRef = 6E6537F519472BD700FC6349 /* XCTest.framework */; };
		6E6537F719472BD700FC6349 /* Foundation.framework in Frameworks */ = {isa = PBXBuildFile; fileRef = 6E6537DC19472BD700FC6349 /* Foundation.framework */; };
		6E6537F819472BD700FC6349 /* UIKit.framework in Frameworks */ = {isa = PBXBuildFile; fileRef = 6E6537E019472BD700FC6349 /* UIKit.framework */; };
		6E65380019472BD700FC6349 /* InfoPlist.strings in Resources */ = {isa = PBXBuildFile; fileRef = 6E6537FE19472BD700FC6349 /* InfoPlist.strings */; };
		6E65380219472BD700FC6349 /* BeepSendApplicationTests.m in Sources */ = {isa = PBXBuildFile; fileRef = 6E65380119472BD700FC6349 /* BeepSendApplicationTests.m */; };
		6EB6446A19488C8C004A1818 /* BSRootViewController.m in Sources */ = {isa = PBXBuildFile; fileRef = 6EB6446919488C8C004A1818 /* BSRootViewController.m */; };
		6EB6446D19488E17004A1818 /* BSRootView.m in Sources */ = {isa = PBXBuildFile; fileRef = 6EB6446C19488E17004A1818 /* BSRootView.m */; };
		6EB6446F194894DF004A1818 /* QuartzCore.framework in Frameworks */ = {isa = PBXBuildFile; fileRef = 6EB6446E194894DF004A1818 /* QuartzCore.framework */; };
		6EB644741948965B004A1818 /* Helper.m in Sources */ = {isa = PBXBuildFile; fileRef = 6EB644731948965B004A1818 /* Helper.m */; };
		6EB644831948A597004A1818 /* BSInputAccessoryView.m in Sources */ = {isa = PBXBuildFile; fileRef = 6EB644821948A597004A1818 /* BSInputAccessoryView.m */; };
		6EB6853619498BD20010FC73 /* BSTextFieldCustomTextInset.m in Sources */ = {isa = PBXBuildFile; fileRef = 6EB6853519498BD20010FC73 /* BSTextFieldCustomTextInset.m */; };
		6EB741DF197E502700D3A7DA /* BSContactsViewController.m in Sources */ = {isa = PBXBuildFile; fileRef = 6EB741DE197E502700D3A7DA /* BSContactsViewController.m */; };
		6EB741E3197E509D00D3A7DA /* BSContactsView.m in Sources */ = {isa = PBXBuildFile; fileRef = 6EB741E2197E509D00D3A7DA /* BSContactsView.m */; };
		6EB741E7197E516100D3A7DA /* BSAddNewContactView.m in Sources */ = {isa = PBXBuildFile; fileRef = 6EB741E6197E516100D3A7DA /* BSAddNewContactView.m */; };
		6EB741EC197E519A00D3A7DA /* BSAddNewContactViewController.m in Sources */ = {isa = PBXBuildFile; fileRef = 6EB741EB197E519A00D3A7DA /* BSAddNewContactViewController.m */; };
		6EB741F4197E79AB00D3A7DA /* BSGroupSelectionViewController.m in Sources */ = {isa = PBXBuildFile; fileRef = 6EB741F3197E79AB00D3A7DA /* BSGroupSelectionViewController.m */; };
		6EB871EB19700C9D0006CE29 /* BSUserTypeTableViewCell.m in Sources */ = {isa = PBXBuildFile; fileRef = 6EB871EA19700C9D0006CE29 /* BSUserTypeTableViewCell.m */; };
		6EB871EE19700CC20006CE29 /* BSConnectionTableViewCell.m in Sources */ = {isa = PBXBuildFile; fileRef = 6EB871ED19700CC20006CE29 /* BSConnectionTableViewCell.m */; };
		6EBC77DD194EE9BF00666099 /* libBeepSendSDK.a in Frameworks */ = {isa = PBXBuildFile; fileRef = 6EBC77DA194EE98100666099 /* libBeepSendSDK.a */; };
		6EBC77F1194EF60800666099 /* SystemConfiguration.framework in Frameworks */ = {isa = PBXBuildFile; fileRef = 6EBC77F0194EF60800666099 /* SystemConfiguration.framework */; };
		6EBD2F56196D453400F89C52 /* BSSendMessageView.m in Sources */ = {isa = PBXBuildFile; fileRef = 6EBD2F55196D453400F89C52 /* BSSendMessageView.m */; };
		6EBD2F5A196D45FB00F89C52 /* BSSendMessageViewController.m in Sources */ = {isa = PBXBuildFile; fileRef = 6EBD2F59196D45FB00F89C52 /* BSSendMessageViewController.m */; };
		6EC74F8919750DCC007A0356 /* BSUserDetailsViewController.m in Sources */ = {isa = PBXBuildFile; fileRef = 6EC74F8819750DCC007A0356 /* BSUserDetailsViewController.m */; };
		6EC74F8D19750E08007A0356 /* BSUserDetailsView.m in Sources */ = {isa = PBXBuildFile; fileRef = 6EC74F8C19750E08007A0356 /* BSUserDetailsView.m */; };
/* End PBXBuildFile section */

/* Begin PBXContainerItemProxy section */
		6E6537F919472BD700FC6349 /* PBXContainerItemProxy */ = {
			isa = PBXContainerItemProxy;
			containerPortal = 6E6537D119472BD700FC6349 /* Project object */;
			proxyType = 1;
			remoteGlobalIDString = 6E6537D819472BD700FC6349;
			remoteInfo = BeepSendApplication;
		};
		6EBC77D9194EE98100666099 /* PBXContainerItemProxy */ = {
			isa = PBXContainerItemProxy;
			containerPortal = 6EBC77D4194EE98100666099 /* BeepSendSDK.xcodeproj */;
			proxyType = 2;
			remoteGlobalIDString = 6E653814194730EB00FC6349;
			remoteInfo = BeepSendSDK;
		};
		6EBC77DB194EE98100666099 /* PBXContainerItemProxy */ = {
			isa = PBXContainerItemProxy;
			containerPortal = 6EBC77D4194EE98100666099 /* BeepSendSDK.xcodeproj */;
			proxyType = 2;
			remoteGlobalIDString = 6E653824194730EB00FC6349;
			remoteInfo = BeepSendSDKTests;
		};
		6EBC77DE194EE9EA00666099 /* PBXContainerItemProxy */ = {
			isa = PBXContainerItemProxy;
			containerPortal = 6EBC77D4194EE98100666099 /* BeepSendSDK.xcodeproj */;
			proxyType = 1;
			remoteGlobalIDString = 6E653813194730EB00FC6349;
			remoteInfo = BeepSendSDK;
		};
/* End PBXContainerItemProxy section */

/* Begin PBXFileReference section */
		01A0DA8B1977DE9900D12300 /* BSCustomerViewController.h */ = {isa = PBXFileReference; fileEncoding = 4; lastKnownFileType = sourcecode.c.h; path = BSCustomerViewController.h; sourceTree = "<group>"; };
		01A0DA8C1977DE9900D12300 /* BSCustomerViewController.m */ = {isa = PBXFileReference; fileEncoding = 4; lastKnownFileType = sourcecode.c.objc; path = BSCustomerViewController.m; sourceTree = "<group>"; };
		01A0DA8E1977DED600D12300 /* BSCustomerView.h */ = {isa = PBXFileReference; fileEncoding = 4; lastKnownFileType = sourcecode.c.h; name = BSCustomerView.h; path = Views/CustomerView/BSCustomerView.h; sourceTree = "<group>"; };
		01A0DA8F1977DED600D12300 /* BSCustomerView.m */ = {isa = PBXFileReference; fileEncoding = 4; lastKnownFileType = sourcecode.c.objc; name = BSCustomerView.m; path = Views/CustomerView/BSCustomerView.m; sourceTree = "<group>"; };
		6E6537D919472BD700FC6349 /* BeepSendApplication.app */ = {isa = PBXFileReference; explicitFileType = wrapper.application; includeInIndex = 0; path = BeepSendApplication.app; sourceTree = BUILT_PRODUCTS_DIR; };
		6E6537DC19472BD700FC6349 /* Foundation.framework */ = {isa = PBXFileReference; lastKnownFileType = wrapper.framework; name = Foundation.framework; path = System/Library/Frameworks/Foundation.framework; sourceTree = SDKROOT; };
		6E6537DE19472BD700FC6349 /* CoreGraphics.framework */ = {isa = PBXFileReference; lastKnownFileType = wrapper.framework; name = CoreGraphics.framework; path = System/Library/Frameworks/CoreGraphics.framework; sourceTree = SDKROOT; };
		6E6537E019472BD700FC6349 /* UIKit.framework */ = {isa = PBXFileReference; lastKnownFileType = wrapper.framework; name = UIKit.framework; path = System/Library/Frameworks/UIKit.framework; sourceTree = SDKROOT; };
		6E6537E419472BD700FC6349 /* BeepSendApplication-Info.plist */ = {isa = PBXFileReference; lastKnownFileType = text.plist.xml; path = "BeepSendApplication-Info.plist"; sourceTree = "<group>"; };
		6E6537E619472BD700FC6349 /* en */ = {isa = PBXFileReference; lastKnownFileType = text.plist.strings; name = en; path = en.lproj/InfoPlist.strings; sourceTree = "<group>"; };
		6E6537E819472BD700FC6349 /* main.m */ = {isa = PBXFileReference; lastKnownFileType = sourcecode.c.objc; path = main.m; sourceTree = "<group>"; };
		6E6537EA19472BD700FC6349 /* BeepSendApplication-Prefix.pch */ = {isa = PBXFileReference; lastKnownFileType = sourcecode.c.h; path = "BeepSendApplication-Prefix.pch"; sourceTree = "<group>"; };
		6E6537EB19472BD700FC6349 /* BSAppDelegate.h */ = {isa = PBXFileReference; lastKnownFileType = sourcecode.c.h; path = BSAppDelegate.h; sourceTree = "<group>"; };
		6E6537EC19472BD700FC6349 /* BSAppDelegate.m */ = {isa = PBXFileReference; lastKnownFileType = sourcecode.c.objc; path = BSAppDelegate.m; sourceTree = "<group>"; };
		6E6537EE19472BD700FC6349 /* Images.xcassets */ = {isa = PBXFileReference; lastKnownFileType = folder.assetcatalog; path = Images.xcassets; sourceTree = "<group>"; };
		6E6537F419472BD700FC6349 /* BeepSendApplicationTests.xctest */ = {isa = PBXFileReference; explicitFileType = wrapper.cfbundle; includeInIndex = 0; path = BeepSendApplicationTests.xctest; sourceTree = BUILT_PRODUCTS_DIR; };
		6E6537F519472BD700FC6349 /* XCTest.framework */ = {isa = PBXFileReference; lastKnownFileType = wrapper.framework; name = XCTest.framework; path = Library/Frameworks/XCTest.framework; sourceTree = DEVELOPER_DIR; };
		6E6537FD19472BD700FC6349 /* BeepSendApplicationTests-Info.plist */ = {isa = PBXFileReference; lastKnownFileType = text.plist.xml; path = "BeepSendApplicationTests-Info.plist"; sourceTree = "<group>"; };
		6E6537FF19472BD700FC6349 /* en */ = {isa = PBXFileReference; lastKnownFileType = text.plist.strings; name = en; path = en.lproj/InfoPlist.strings; sourceTree = "<group>"; };
		6E65380119472BD700FC6349 /* BeepSendApplicationTests.m */ = {isa = PBXFileReference; lastKnownFileType = sourcecode.c.objc; path = BeepSendApplicationTests.m; sourceTree = "<group>"; };
		6EB6446819488C8C004A1818 /* BSRootViewController.h */ = {isa = PBXFileReference; fileEncoding = 4; lastKnownFileType = sourcecode.c.h; name = BSRootViewController.h; path = ViewControllers/RootViewController/BSRootViewController.h; sourceTree = "<group>"; };
		6EB6446919488C8C004A1818 /* BSRootViewController.m */ = {isa = PBXFileReference; fileEncoding = 4; lastKnownFileType = sourcecode.c.objc; name = BSRootViewController.m; path = ViewControllers/RootViewController/BSRootViewController.m; sourceTree = "<group>"; };
		6EB6446B19488E17004A1818 /* BSRootView.h */ = {isa = PBXFileReference; fileEncoding = 4; lastKnownFileType = sourcecode.c.h; name = BSRootView.h; path = Views/RootView/BSRootView.h; sourceTree = "<group>"; };
		6EB6446C19488E17004A1818 /* BSRootView.m */ = {isa = PBXFileReference; fileEncoding = 4; lastKnownFileType = sourcecode.c.objc; name = BSRootView.m; path = Views/RootView/BSRootView.m; sourceTree = "<group>"; };
		6EB6446E194894DF004A1818 /* QuartzCore.framework */ = {isa = PBXFileReference; lastKnownFileType = wrapper.framework; name = QuartzCore.framework; path = System/Library/Frameworks/QuartzCore.framework; sourceTree = SDKROOT; };
		6EB644721948965B004A1818 /* Helper.h */ = {isa = PBXFileReference; fileEncoding = 4; lastKnownFileType = sourcecode.c.h; name = Helper.h; path = Utilities/Helper/Helper.h; sourceTree = "<group>"; };
		6EB644731948965B004A1818 /* Helper.m */ = {isa = PBXFileReference; fileEncoding = 4; lastKnownFileType = sourcecode.c.objc; name = Helper.m; path = Utilities/Helper/Helper.m; sourceTree = "<group>"; };
		6EB644811948A597004A1818 /* BSInputAccessoryView.h */ = {isa = PBXFileReference; fileEncoding = 4; lastKnownFileType = sourcecode.c.h; name = BSInputAccessoryView.h; path = Views/Components/InputAccessoryView/BSInputAccessoryView.h; sourceTree = "<group>"; };
		6EB644821948A597004A1818 /* BSInputAccessoryView.m */ = {isa = PBXFileReference; fileEncoding = 4; lastKnownFileType = sourcecode.c.objc; name = BSInputAccessoryView.m; path = Views/Components/InputAccessoryView/BSInputAccessoryView.m; sourceTree = "<group>"; };
		6EB6853419498BD20010FC73 /* BSTextFieldCustomTextInset.h */ = {isa = PBXFileReference; fileEncoding = 4; lastKnownFileType = sourcecode.c.h; path = BSTextFieldCustomTextInset.h; sourceTree = "<group>"; };
		6EB6853519498BD20010FC73 /* BSTextFieldCustomTextInset.m */ = {isa = PBXFileReference; fileEncoding = 4; lastKnownFileType = sourcecode.c.objc; path = BSTextFieldCustomTextInset.m; sourceTree = "<group>"; };
		6EB6853C19498F520010FC73 /* Constants.h */ = {isa = PBXFileReference; lastKnownFileType = sourcecode.c.h; name = Constants.h; path = Utilities/Helper/Constants/Constants.h; sourceTree = "<group>"; };
		6EB741DD197E502700D3A7DA /* BSContactsViewController.h */ = {isa = PBXFileReference; fileEncoding = 4; lastKnownFileType = sourcecode.c.h; path = BSContactsViewController.h; sourceTree = "<group>"; };
		6EB741DE197E502700D3A7DA /* BSContactsViewController.m */ = {isa = PBXFileReference; fileEncoding = 4; lastKnownFileType = sourcecode.c.objc; path = BSContactsViewController.m; sourceTree = "<group>"; };
		6EB741E1197E509D00D3A7DA /* BSContactsView.h */ = {isa = PBXFileReference; fileEncoding = 4; lastKnownFileType = sourcecode.c.h; name = BSContactsView.h; path = Views/ContactsView/BSContactsView.h; sourceTree = "<group>"; };
		6EB741E2197E509D00D3A7DA /* BSContactsView.m */ = {isa = PBXFileReference; fileEncoding = 4; lastKnownFileType = sourcecode.c.objc; name = BSContactsView.m; path = Views/ContactsView/BSContactsView.m; sourceTree = "<group>"; };
		6EB741E5197E516100D3A7DA /* BSAddNewContactView.h */ = {isa = PBXFileReference; fileEncoding = 4; lastKnownFileType = sourcecode.c.h; name = BSAddNewContactView.h; path = Views/AddNewContactView/BSAddNewContactView.h; sourceTree = "<group>"; };
		6EB741E6197E516100D3A7DA /* BSAddNewContactView.m */ = {isa = PBXFileReference; fileEncoding = 4; lastKnownFileType = sourcecode.c.objc; name = BSAddNewContactView.m; path = Views/AddNewContactView/BSAddNewContactView.m; sourceTree = "<group>"; };
		6EB741EA197E519A00D3A7DA /* BSAddNewContactViewController.h */ = {isa = PBXFileReference; fileEncoding = 4; lastKnownFileType = sourcecode.c.h; name = BSAddNewContactViewController.h; path = ViewControllers/AddNewContactViewController/BSAddNewContactViewController.h; sourceTree = "<group>"; };
		6EB741EB197E519A00D3A7DA /* BSAddNewContactViewController.m */ = {isa = PBXFileReference; fileEncoding = 4; lastKnownFileType = sourcecode.c.objc; name = BSAddNewContactViewController.m; path = ViewControllers/AddNewContactViewController/BSAddNewContactViewController.m; sourceTree = "<group>"; };
		6EB741F2197E79AB00D3A7DA /* BSGroupSelectionViewController.h */ = {isa = PBXFileReference; fileEncoding = 4; lastKnownFileType = sourcecode.c.h; name = BSGroupSelectionViewController.h; path = ViewControllers/GroupSelectionViewController/BSGroupSelectionViewController.h; sourceTree = "<group>"; };
		6EB741F3197E79AB00D3A7DA /* BSGroupSelectionViewController.m */ = {isa = PBXFileReference; fileEncoding = 4; lastKnownFileType = sourcecode.c.objc; name = BSGroupSelectionViewController.m; path = ViewControllers/GroupSelectionViewController/BSGroupSelectionViewController.m; sourceTree = "<group>"; };
		6EB871E919700C9D0006CE29 /* BSUserTypeTableViewCell.h */ = {isa = PBXFileReference; fileEncoding = 4; lastKnownFileType = sourcecode.c.h; name = BSUserTypeTableViewCell.h; path = TableViewCells/TableViewCellUserType/BSUserTypeTableViewCell.h; sourceTree = "<group>"; };
		6EB871EA19700C9D0006CE29 /* BSUserTypeTableViewCell.m */ = {isa = PBXFileReference; fileEncoding = 4; lastKnownFileType = sourcecode.c.objc; name = BSUserTypeTableViewCell.m; path = TableViewCells/TableViewCellUserType/BSUserTypeTableViewCell.m; sourceTree = "<group>"; };
		6EB871EC19700CC20006CE29 /* BSConnectionTableViewCell.h */ = {isa = PBXFileReference; fileEncoding = 4; lastKnownFileType = sourcecode.c.h; name = BSConnectionTableViewCell.h; path = TableViewCells/TableViewCellConnection/BSConnectionTableViewCell.h; sourceTree = "<group>"; };
		6EB871ED19700CC20006CE29 /* BSConnectionTableViewCell.m */ = {isa = PBXFileReference; fileEncoding = 4; lastKnownFileType = sourcecode.c.objc; name = BSConnectionTableViewCell.m; path = TableViewCells/TableViewCellConnection/BSConnectionTableViewCell.m; sourceTree = "<group>"; };
		6EBC77D4194EE98100666099 /* BeepSendSDK.xcodeproj */ = {isa = PBXFileReference; lastKnownFileType = "wrapper.pb-project"; name = BeepSendSDK.xcodeproj; path = ../BeepSendSDK/BeepSendSDK/BeepSendSDK.xcodeproj; sourceTree = "<group>"; };
		6EBC77F0194EF60800666099 /* SystemConfiguration.framework */ = {isa = PBXFileReference; lastKnownFileType = wrapper.framework; name = SystemConfiguration.framework; path = System/Library/Frameworks/SystemConfiguration.framework; sourceTree = SDKROOT; };
		6EBD2F54196D453400F89C52 /* BSSendMessageView.h */ = {isa = PBXFileReference; fileEncoding = 4; lastKnownFileType = sourcecode.c.h; name = BSSendMessageView.h; path = Views/SendMessageView/BSSendMessageView.h; sourceTree = "<group>"; };
		6EBD2F55196D453400F89C52 /* BSSendMessageView.m */ = {isa = PBXFileReference; fileEncoding = 4; lastKnownFileType = sourcecode.c.objc; name = BSSendMessageView.m; path = Views/SendMessageView/BSSendMessageView.m; sourceTree = "<group>"; };
		6EBD2F58196D45FB00F89C52 /* BSSendMessageViewController.h */ = {isa = PBXFileReference; fileEncoding = 4; lastKnownFileType = sourcecode.c.h; name = BSSendMessageViewController.h; path = ViewControllers/SendMessageViewController/BSSendMessageViewController.h; sourceTree = "<group>"; };
		6EBD2F59196D45FB00F89C52 /* BSSendMessageViewController.m */ = {isa = PBXFileReference; fileEncoding = 4; lastKnownFileType = sourcecode.c.objc; name = BSSendMessageViewController.m; path = ViewControllers/SendMessageViewController/BSSendMessageViewController.m; sourceTree = "<group>"; };
		6EC74F8719750DCC007A0356 /* BSUserDetailsViewController.h */ = {isa = PBXFileReference; fileEncoding = 4; lastKnownFileType = sourcecode.c.h; path = BSUserDetailsViewController.h; sourceTree = "<group>"; };
		6EC74F8819750DCC007A0356 /* BSUserDetailsViewController.m */ = {isa = PBXFileReference; fileEncoding = 4; lastKnownFileType = sourcecode.c.objc; path = BSUserDetailsViewController.m; sourceTree = "<group>"; };
		6EC74F8B19750E08007A0356 /* BSUserDetailsView.h */ = {isa = PBXFileReference; fileEncoding = 4; lastKnownFileType = sourcecode.c.h; name = BSUserDetailsView.h; path = Views/UserDetailsView/BSUserDetailsView.h; sourceTree = "<group>"; };
		6EC74F8C19750E08007A0356 /* BSUserDetailsView.m */ = {isa = PBXFileReference; fileEncoding = 4; lastKnownFileType = sourcecode.c.objc; name = BSUserDetailsView.m; path = Views/UserDetailsView/BSUserDetailsView.m; sourceTree = "<group>"; };
/* End PBXFileReference section */

/* Begin PBXFrameworksBuildPhase section */
		6E6537D619472BD700FC6349 /* Frameworks */ = {
			isa = PBXFrameworksBuildPhase;
			buildActionMask = 2147483647;
			files = (
				6EBC77F1194EF60800666099 /* SystemConfiguration.framework in Frameworks */,
				6EBC77DD194EE9BF00666099 /* libBeepSendSDK.a in Frameworks */,
				6EB6446F194894DF004A1818 /* QuartzCore.framework in Frameworks */,
				6E6537DF19472BD700FC6349 /* CoreGraphics.framework in Frameworks */,
				6E6537E119472BD700FC6349 /* UIKit.framework in Frameworks */,
				6E6537DD19472BD700FC6349 /* Foundation.framework in Frameworks */,
			);
			runOnlyForDeploymentPostprocessing = 0;
		};
		6E6537F119472BD700FC6349 /* Frameworks */ = {
			isa = PBXFrameworksBuildPhase;
			buildActionMask = 2147483647;
			files = (
				6E6537F619472BD700FC6349 /* XCTest.framework in Frameworks */,
				6E6537F819472BD700FC6349 /* UIKit.framework in Frameworks */,
				6E6537F719472BD700FC6349 /* Foundation.framework in Frameworks */,
			);
			runOnlyForDeploymentPostprocessing = 0;
		};
/* End PBXFrameworksBuildPhase section */

/* Begin PBXGroup section */
		01A0DA841977DE3200D12300 /* CustomerView */ = {
			isa = PBXGroup;
			children = (
				01A0DA8E1977DED600D12300 /* BSCustomerView.h */,
				01A0DA8F1977DED600D12300 /* BSCustomerView.m */,
			);
			name = CustomerView;
			sourceTree = "<group>";
		};
		01A0DA8A1977DE9900D12300 /* CustomerViewController */ = {
			isa = PBXGroup;
			children = (
				01A0DA8B1977DE9900D12300 /* BSCustomerViewController.h */,
				01A0DA8C1977DE9900D12300 /* BSCustomerViewController.m */,
			);
			name = CustomerViewController;
			path = ViewControllers/CustomerViewController;
			sourceTree = "<group>";
		};
		6E6537D019472BD700FC6349 = {
			isa = PBXGroup;
			children = (
				6EBC77D4194EE98100666099 /* BeepSendSDK.xcodeproj */,
				6E6537E219472BD700FC6349 /* BeepSendApplication */,
				6E6537FB19472BD700FC6349 /* BeepSendApplicationTests */,
				6E6537DB19472BD700FC6349 /* Frameworks */,
				6E6537DA19472BD700FC6349 /* Products */,
			);
			sourceTree = "<group>";
		};
		6E6537DA19472BD700FC6349 /* Products */ = {
			isa = PBXGroup;
			children = (
				6E6537D919472BD700FC6349 /* BeepSendApplication.app */,
				6E6537F419472BD700FC6349 /* BeepSendApplicationTests.xctest */,
			);
			name = Products;
			sourceTree = "<group>";
		};
		6E6537DB19472BD700FC6349 /* Frameworks */ = {
			isa = PBXGroup;
			children = (
				6EBC77F0194EF60800666099 /* SystemConfiguration.framework */,
				6EB6446E194894DF004A1818 /* QuartzCore.framework */,
				6E6537DC19472BD700FC6349 /* Foundation.framework */,
				6E6537DE19472BD700FC6349 /* CoreGraphics.framework */,
				6E6537E019472BD700FC6349 /* UIKit.framework */,
				6E6537F519472BD700FC6349 /* XCTest.framework */,
			);
			name = Frameworks;
			sourceTree = "<group>";
		};
		6E6537E219472BD700FC6349 /* BeepSendApplication */ = {
			isa = PBXGroup;
			children = (
				6EB6447019489638004A1818 /* Utilities */,
				6EB871E519700C410006CE29 /* TableViewCells */,
				6EB6446619488C51004A1818 /* Views */,
				6EB6446319488C25004A1818 /* ViewControllers */,
				6E6537EB19472BD700FC6349 /* BSAppDelegate.h */,
				6E6537EC19472BD700FC6349 /* BSAppDelegate.m */,
				6E6537EE19472BD700FC6349 /* Images.xcassets */,
				6E6537E319472BD700FC6349 /* Supporting Files */,
			);
			path = BeepSendApplication;
			sourceTree = "<group>";
		};
		6E6537E319472BD700FC6349 /* Supporting Files */ = {
			isa = PBXGroup;
			children = (
				6E6537E419472BD700FC6349 /* BeepSendApplication-Info.plist */,
				6E6537E519472BD700FC6349 /* InfoPlist.strings */,
				6E6537E819472BD700FC6349 /* main.m */,
				6E6537EA19472BD700FC6349 /* BeepSendApplication-Prefix.pch */,
			);
			name = "Supporting Files";
			sourceTree = "<group>";
		};
		6E6537FB19472BD700FC6349 /* BeepSendApplicationTests */ = {
			isa = PBXGroup;
			children = (
				6E65380119472BD700FC6349 /* BeepSendApplicationTests.m */,
				6E6537FC19472BD700FC6349 /* Supporting Files */,
			);
			path = BeepSendApplicationTests;
			sourceTree = "<group>";
		};
		6E6537FC19472BD700FC6349 /* Supporting Files */ = {
			isa = PBXGroup;
			children = (
				6E6537FD19472BD700FC6349 /* BeepSendApplicationTests-Info.plist */,
				6E6537FE19472BD700FC6349 /* InfoPlist.strings */,
			);
			name = "Supporting Files";
			sourceTree = "<group>";
		};
		6EB6446319488C25004A1818 /* ViewControllers */ = {
			isa = PBXGroup;
			children = (
				6EB6446419488C33004A1818 /* RootViewController */,
				6EC74F8619750DCC007A0356 /* UserDetailsViewController */,
				01A0DA8A1977DE9900D12300 /* CustomerViewController */,
				6EBD2F57196D45C500F89C52 /* SendMessageCiewController */,
				6EB741DC197E502700D3A7DA /* ContactsViewController */,
				6EB741E8197E516700D3A7DA /* AddNewContactViewController */,
				6EB741F1197E798300D3A7DA /* GroupSelectionViewController */,
			);
			name = ViewControllers;
			sourceTree = "<group>";
		};
		6EB6446419488C33004A1818 /* RootViewController */ = {
			isa = PBXGroup;
			children = (
				6EB6446819488C8C004A1818 /* BSRootViewController.h */,
				6EB6446919488C8C004A1818 /* BSRootViewController.m */,
			);
			name = RootViewController;
			sourceTree = "<group>";
		};
		6EB6446619488C51004A1818 /* Views */ = {
			isa = PBXGroup;
			children = (
				6EB6446719488C57004A1818 /* RootView */,
				6EC74F8A19750DD5007A0356 /* UserDetailsView */,
				01A0DA841977DE3200D12300 /* CustomerView */,
				6EBD2F52196D450000F89C52 /* SendMessageView */,
				6EB741E0197E507700D3A7DA /* ContactsView */,
				6EB741E4197E513900D3A7DA /* AddNewContactView */,
				6EB6447F1948A3BA004A1818 /* Components */,
			);
			name = Views;
			sourceTree = "<group>";
		};
		6EB6446719488C57004A1818 /* RootView */ = {
			isa = PBXGroup;
			children = (
				6EB6446B19488E17004A1818 /* BSRootView.h */,
				6EB6446C19488E17004A1818 /* BSRootView.m */,
			);
			name = RootView;
			sourceTree = "<group>";
		};
		6EB6447019489638004A1818 /* Utilities */ = {
			isa = PBXGroup;
			children = (
				6EB6447119489643004A1818 /* Helper */,
			);
			name = Utilities;
			sourceTree = "<group>";
		};
		6EB6447119489643004A1818 /* Helper */ = {
			isa = PBXGroup;
			children = (
				6EB6853A19498F0D0010FC73 /* Constants */,
				6EB644721948965B004A1818 /* Helper.h */,
				6EB644731948965B004A1818 /* Helper.m */,
			);
			name = Helper;
			sourceTree = "<group>";
		};
		6EB6447F1948A3BA004A1818 /* Components */ = {
			isa = PBXGroup;
			children = (
				6EB6853319498BD20010FC73 /* TextFieldCustomInset */,
				6EB644801948A3D2004A1818 /* InputAccessoryView */,
			);
			name = Components;
			sourceTree = "<group>";
		};
		6EB644801948A3D2004A1818 /* InputAccessoryView */ = {
			isa = PBXGroup;
			children = (
				6EB644811948A597004A1818 /* BSInputAccessoryView.h */,
				6EB644821948A597004A1818 /* BSInputAccessoryView.m */,
			);
			name = InputAccessoryView;
			sourceTree = "<group>";
		};
		6EB6853319498BD20010FC73 /* TextFieldCustomInset */ = {
			isa = PBXGroup;
			children = (
				6EB6853419498BD20010FC73 /* BSTextFieldCustomTextInset.h */,
				6EB6853519498BD20010FC73 /* BSTextFieldCustomTextInset.m */,
			);
			name = TextFieldCustomInset;
			path = Views/Components/TextFieldCustomInset;
			sourceTree = "<group>";
		};
		6EB6853A19498F0D0010FC73 /* Constants */ = {
			isa = PBXGroup;
			children = (
				6EB6853C19498F520010FC73 /* Constants.h */,
			);
			name = Constants;
			sourceTree = "<group>";
		};
		6EB741DC197E502700D3A7DA /* ContactsViewController */ = {
			isa = PBXGroup;
			children = (
				6EB741DD197E502700D3A7DA /* BSContactsViewController.h */,
				6EB741DE197E502700D3A7DA /* BSContactsViewController.m */,
			);
			name = ContactsViewController;
			path = ViewControllers/ContactsViewController;
			sourceTree = "<group>";
		};
		6EB741E0197E507700D3A7DA /* ContactsView */ = {
			isa = PBXGroup;
			children = (
				6EB741E1197E509D00D3A7DA /* BSContactsView.h */,
				6EB741E2197E509D00D3A7DA /* BSContactsView.m */,
			);
			name = ContactsView;
			sourceTree = "<group>";
		};
		6EB741E4197E513900D3A7DA /* AddNewContactView */ = {
			isa = PBXGroup;
			children = (
				6EB741E5197E516100D3A7DA /* BSAddNewContactView.h */,
				6EB741E6197E516100D3A7DA /* BSAddNewContactView.m */,
			);
			name = AddNewContactView;
			sourceTree = "<group>";
		};
		6EB741E8197E516700D3A7DA /* AddNewContactViewController */ = {
			isa = PBXGroup;
			children = (
				6EB741EA197E519A00D3A7DA /* BSAddNewContactViewController.h */,
				6EB741EB197E519A00D3A7DA /* BSAddNewContactViewController.m */,
			);
			name = AddNewContactViewController;
			sourceTree = "<group>";
		};
		6EB741F1197E798300D3A7DA /* GroupSelectionViewController */ = {
			isa = PBXGroup;
			children = (
				6EB741F2197E79AB00D3A7DA /* BSGroupSelectionViewController.h */,
				6EB741F3197E79AB00D3A7DA /* BSGroupSelectionViewController.m */,
			);
			name = GroupSelectionViewController;
			sourceTree = "<group>";
		};
		6EB871E519700C410006CE29 /* TableViewCells */ = {
			isa = PBXGroup;
			children = (
				6EB871E719700C4B0006CE29 /* TableViewCellUserType */,
				6EB871E819700C5A0006CE29 /* TableViewCellConnection */,
			);
			name = TableViewCells;
			sourceTree = "<group>";
		};
		6EB871E719700C4B0006CE29 /* TableViewCellUserType */ = {
			isa = PBXGroup;
			children = (
				6EB871E919700C9D0006CE29 /* BSUserTypeTableViewCell.h */,
				6EB871EA19700C9D0006CE29 /* BSUserTypeTableViewCell.m */,
			);
			name = TableViewCellUserType;
			sourceTree = "<group>";
		};
		6EB871E819700C5A0006CE29 /* TableViewCellConnection */ = {
			isa = PBXGroup;
			children = (
				6EB871EC19700CC20006CE29 /* BSConnectionTableViewCell.h */,
				6EB871ED19700CC20006CE29 /* BSConnectionTableViewCell.m */,
			);
			name = TableViewCellConnection;
			sourceTree = "<group>";
		};
		6EBC77D5194EE98100666099 /* Products */ = {
			isa = PBXGroup;
			children = (
				6EBC77DA194EE98100666099 /* libBeepSendSDK.a */,
				6EBC77DC194EE98100666099 /* BeepSendSDKTests.xctest */,
			);
			name = Products;
			sourceTree = "<group>";
		};
		6EBD2F52196D450000F89C52 /* SendMessageView */ = {
			isa = PBXGroup;
			children = (
				6EBD2F54196D453400F89C52 /* BSSendMessageView.h */,
				6EBD2F55196D453400F89C52 /* BSSendMessageView.m */,
			);
			name = SendMessageView;
			sourceTree = "<group>";
		};
		6EBD2F57196D45C500F89C52 /* SendMessageCiewController */ = {
			isa = PBXGroup;
			children = (
				6EBD2F58196D45FB00F89C52 /* BSSendMessageViewController.h */,
				6EBD2F59196D45FB00F89C52 /* BSSendMessageViewController.m */,
			);
			name = SendMessageCiewController;
			sourceTree = "<group>";
		};
		6EC74F8619750DCC007A0356 /* UserDetailsViewController */ = {
			isa = PBXGroup;
			children = (
				6EC74F8719750DCC007A0356 /* BSUserDetailsViewController.h */,
				6EC74F8819750DCC007A0356 /* BSUserDetailsViewController.m */,
			);
			name = UserDetailsViewController;
			path = ViewControllers/UserDetailsViewController;
			sourceTree = "<group>";
		};
		6EC74F8A19750DD5007A0356 /* UserDetailsView */ = {
			isa = PBXGroup;
			children = (
				6EC74F8B19750E08007A0356 /* BSUserDetailsView.h */,
				6EC74F8C19750E08007A0356 /* BSUserDetailsView.m */,
			);
			name = UserDetailsView;
			sourceTree = "<group>";
		};
/* End PBXGroup section */

/* Begin PBXNativeTarget section */
		6E6537D819472BD700FC6349 /* BeepSendApplication */ = {
			isa = PBXNativeTarget;
			buildConfigurationList = 6E65380519472BD700FC6349 /* Build configuration list for PBXNativeTarget "BeepSendApplication" */;
			buildPhases = (
				6E6537D519472BD700FC6349 /* Sources */,
				6E6537D619472BD700FC6349 /* Frameworks */,
				6E6537D719472BD700FC6349 /* Resources */,
			);
			buildRules = (
			);
			dependencies = (
				6EBC77DF194EE9EA00666099 /* PBXTargetDependency */,
			);
			name = BeepSendApplication;
			productName = BeepSendApplication;
			productReference = 6E6537D919472BD700FC6349 /* BeepSendApplication.app */;
			productType = "com.apple.product-type.application";
		};
		6E6537F319472BD700FC6349 /* BeepSendApplicationTests */ = {
			isa = PBXNativeTarget;
			buildConfigurationList = 6E65380819472BD700FC6349 /* Build configuration list for PBXNativeTarget "BeepSendApplicationTests" */;
			buildPhases = (
				6E6537F019472BD700FC6349 /* Sources */,
				6E6537F119472BD700FC6349 /* Frameworks */,
				6E6537F219472BD700FC6349 /* Resources */,
			);
			buildRules = (
			);
			dependencies = (
				6E6537FA19472BD700FC6349 /* PBXTargetDependency */,
			);
			name = BeepSendApplicationTests;
			productName = BeepSendApplicationTests;
			productReference = 6E6537F419472BD700FC6349 /* BeepSendApplicationTests.xctest */;
			productType = "com.apple.product-type.bundle.unit-test";
		};
/* End PBXNativeTarget section */

/* Begin PBXProject section */
		6E6537D119472BD700FC6349 /* Project object */ = {
			isa = PBXProject;
			attributes = {
				CLASSPREFIX = BS;
				LastUpgradeCheck = 0510;
				ORGANIZATIONNAME = BeepSend;
				TargetAttributes = {
					6E6537F319472BD700FC6349 = {
						TestTargetID = 6E6537D819472BD700FC6349;
					};
				};
			};
			buildConfigurationList = 6E6537D419472BD700FC6349 /* Build configuration list for PBXProject "BeepSendApplication" */;
			compatibilityVersion = "Xcode 3.2";
			developmentRegion = English;
			hasScannedForEncodings = 0;
			knownRegions = (
				en,
			);
			mainGroup = 6E6537D019472BD700FC6349;
			productRefGroup = 6E6537DA19472BD700FC6349 /* Products */;
			projectDirPath = "";
			projectReferences = (
				{
					ProductGroup = 6EBC77D5194EE98100666099 /* Products */;
					ProjectRef = 6EBC77D4194EE98100666099 /* BeepSendSDK.xcodeproj */;
				},
			);
			projectRoot = "";
			targets = (
				6E6537D819472BD700FC6349 /* BeepSendApplication */,
				6E6537F319472BD700FC6349 /* BeepSendApplicationTests */,
			);
		};
/* End PBXProject section */

/* Begin PBXReferenceProxy section */
		6EBC77DA194EE98100666099 /* libBeepSendSDK.a */ = {
			isa = PBXReferenceProxy;
			fileType = archive.ar;
			path = libBeepSendSDK.a;
			remoteRef = 6EBC77D9194EE98100666099 /* PBXContainerItemProxy */;
			sourceTree = BUILT_PRODUCTS_DIR;
		};
		6EBC77DC194EE98100666099 /* BeepSendSDKTests.xctest */ = {
			isa = PBXReferenceProxy;
			fileType = wrapper.cfbundle;
			path = BeepSendSDKTests.xctest;
			remoteRef = 6EBC77DB194EE98100666099 /* PBXContainerItemProxy */;
			sourceTree = BUILT_PRODUCTS_DIR;
		};
/* End PBXReferenceProxy section */

/* Begin PBXResourcesBuildPhase section */
		6E6537D719472BD700FC6349 /* Resources */ = {
			isa = PBXResourcesBuildPhase;
			buildActionMask = 2147483647;
			files = (
				6E6537E719472BD700FC6349 /* InfoPlist.strings in Resources */,
				6E6537EF19472BD700FC6349 /* Images.xcassets in Resources */,
			);
			runOnlyForDeploymentPostprocessing = 0;
		};
		6E6537F219472BD700FC6349 /* Resources */ = {
			isa = PBXResourcesBuildPhase;
			buildActionMask = 2147483647;
			files = (
				6E65380019472BD700FC6349 /* InfoPlist.strings in Resources */,
			);
			runOnlyForDeploymentPostprocessing = 0;
		};
/* End PBXResourcesBuildPhase section */

/* Begin PBXSourcesBuildPhase section */
		6E6537D519472BD700FC6349 /* Sources */ = {
			isa = PBXSourcesBuildPhase;
			buildActionMask = 2147483647;
			files = (
				6EB6853619498BD20010FC73 /* BSTextFieldCustomTextInset.m in Sources */,
				6EB6446A19488C8C004A1818 /* BSRootViewController.m in Sources */,
				6E6537E919472BD700FC6349 /* main.m in Sources */,
				6EB741DF197E502700D3A7DA /* BSContactsViewController.m in Sources */,
				6EB871EB19700C9D0006CE29 /* BSUserTypeTableViewCell.m in Sources */,
				6EB871EE19700CC20006CE29 /* BSConnectionTableViewCell.m in Sources */,
				6EB644831948A597004A1818 /* BSInputAccessoryView.m in Sources */,
				6E6537ED19472BD700FC6349 /* BSAppDelegate.m in Sources */,
				6EB741E3197E509D00D3A7DA /* BSContactsView.m in Sources */,
				01A0DA901977DED600D12300 /* BSCustomerView.m in Sources */,
				6EBD2F56196D453400F89C52 /* BSSendMessageView.m in Sources */,
				6EB6446D19488E17004A1818 /* BSRootView.m in Sources */,
				6EC74F8919750DCC007A0356 /* BSUserDetailsViewController.m in Sources */,
				6EC74F8D19750E08007A0356 /* BSUserDetailsView.m in Sources */,
				6EB644741948965B004A1818 /* Helper.m in Sources */,
				6EBD2F5A196D45FB00F89C52 /* BSSendMessageViewController.m in Sources */,
				01A0DA8D1977DE9900D12300 /* BSCustomerViewController.m in Sources */,
				6EB741EC197E519A00D3A7DA /* BSAddNewContactViewController.m in Sources */,
				6EB741E7197E516100D3A7DA /* BSAddNewContactView.m in Sources */,
				6EB741F4197E79AB00D3A7DA /* BSGroupSelectionViewController.m in Sources */,
			);
			runOnlyForDeploymentPostprocessing = 0;
		};
		6E6537F019472BD700FC6349 /* Sources */ = {
			isa = PBXSourcesBuildPhase;
			buildActionMask = 2147483647;
			files = (
				6E65380219472BD700FC6349 /* BeepSendApplicationTests.m in Sources */,
			);
			runOnlyForDeploymentPostprocessing = 0;
		};
/* End PBXSourcesBuildPhase section */

/* Begin PBXTargetDependency section */
		6E6537FA19472BD700FC6349 /* PBXTargetDependency */ = {
			isa = PBXTargetDependency;
			target = 6E6537D819472BD700FC6349 /* BeepSendApplication */;
			targetProxy = 6E6537F919472BD700FC6349 /* PBXContainerItemProxy */;
		};
		6EBC77DF194EE9EA00666099 /* PBXTargetDependency */ = {
			isa = PBXTargetDependency;
			name = BeepSendSDK;
			targetProxy = 6EBC77DE194EE9EA00666099 /* PBXContainerItemProxy */;
		};
/* End PBXTargetDependency section */

/* Begin PBXVariantGroup section */
		6E6537E519472BD700FC6349 /* InfoPlist.strings */ = {
			isa = PBXVariantGroup;
			children = (
				6E6537E619472BD700FC6349 /* en */,
			);
			name = InfoPlist.strings;
			sourceTree = "<group>";
		};
		6E6537FE19472BD700FC6349 /* InfoPlist.strings */ = {
			isa = PBXVariantGroup;
			children = (
				6E6537FF19472BD700FC6349 /* en */,
			);
			name = InfoPlist.strings;
			sourceTree = "<group>";
		};
/* End PBXVariantGroup section */

/* Begin XCBuildConfiguration section */
		6E65380319472BD700FC6349 /* Debug */ = {
			isa = XCBuildConfiguration;
			buildSettings = {
				ALWAYS_SEARCH_USER_PATHS = NO;
				CLANG_CXX_LANGUAGE_STANDARD = "gnu++0x";
				CLANG_CXX_LIBRARY = "libc++";
				CLANG_ENABLE_MODULES = YES;
				CLANG_ENABLE_OBJC_ARC = YES;
				CLANG_WARN_BOOL_CONVERSION = YES;
				CLANG_WARN_CONSTANT_CONVERSION = YES;
				CLANG_WARN_DIRECT_OBJC_ISA_USAGE = YES_ERROR;
				CLANG_WARN_EMPTY_BODY = YES;
				CLANG_WARN_ENUM_CONVERSION = YES;
				CLANG_WARN_INT_CONVERSION = YES;
				CLANG_WARN_OBJC_ROOT_CLASS = YES_ERROR;
				CLANG_WARN__DUPLICATE_METHOD_MATCH = YES;
				"CODE_SIGN_IDENTITY[sdk=iphoneos*]" = "iPhone Developer";
				COPY_PHASE_STRIP = NO;
				GCC_C_LANGUAGE_STANDARD = gnu99;
				GCC_DYNAMIC_NO_PIC = NO;
				GCC_OPTIMIZATION_LEVEL = 0;
				GCC_PREPROCESSOR_DEFINITIONS = (
					"DEBUG=1",
					"$(inherited)",
					"DISTRIBUTION=1",
				);
				GCC_SYMBOLS_PRIVATE_EXTERN = NO;
				GCC_WARN_64_TO_32_BIT_CONVERSION = YES;
				GCC_WARN_ABOUT_RETURN_TYPE = YES_ERROR;
				GCC_WARN_UNDECLARED_SELECTOR = YES;
				GCC_WARN_UNINITIALIZED_AUTOS = YES_AGGRESSIVE;
				GCC_WARN_UNUSED_FUNCTION = YES;
				GCC_WARN_UNUSED_VARIABLE = YES;
				IPHONEOS_DEPLOYMENT_TARGET = 7.1;
				ONLY_ACTIVE_ARCH = YES;
				SDKROOT = iphoneos;
			};
			name = Debug;
		};
		6E65380419472BD700FC6349 /* Release */ = {
			isa = XCBuildConfiguration;
			buildSettings = {
				ALWAYS_SEARCH_USER_PATHS = NO;
				CLANG_CXX_LANGUAGE_STANDARD = "gnu++0x";
				CLANG_CXX_LIBRARY = "libc++";
				CLANG_ENABLE_MODULES = YES;
				CLANG_ENABLE_OBJC_ARC = YES;
				CLANG_WARN_BOOL_CONVERSION = YES;
				CLANG_WARN_CONSTANT_CONVERSION = YES;
				CLANG_WARN_DIRECT_OBJC_ISA_USAGE = YES_ERROR;
				CLANG_WARN_EMPTY_BODY = YES;
				CLANG_WARN_ENUM_CONVERSION = YES;
				CLANG_WARN_INT_CONVERSION = YES;
				CLANG_WARN_OBJC_ROOT_CLASS = YES_ERROR;
				CLANG_WARN__DUPLICATE_METHOD_MATCH = YES;
				"CODE_SIGN_IDENTITY[sdk=iphoneos*]" = "iPhone Developer";
				COPY_PHASE_STRIP = YES;
				ENABLE_NS_ASSERTIONS = NO;
				GCC_C_LANGUAGE_STANDARD = gnu99;
				GCC_WARN_64_TO_32_BIT_CONVERSION = YES;
				GCC_WARN_ABOUT_RETURN_TYPE = YES_ERROR;
				GCC_WARN_UNDECLARED_SELECTOR = YES;
				GCC_WARN_UNINITIALIZED_AUTOS = YES_AGGRESSIVE;
				GCC_WARN_UNUSED_FUNCTION = YES;
				GCC_WARN_UNUSED_VARIABLE = YES;
				IPHONEOS_DEPLOYMENT_TARGET = 7.1;
				SDKROOT = iphoneos;
				VALIDATE_PRODUCT = YES;
			};
			name = Release;
		};
		6E65380619472BD700FC6349 /* Debug */ = {
			isa = XCBuildConfiguration;
			buildSettings = {
				ASSETCATALOG_COMPILER_APPICON_NAME = AppIcon;
				ASSETCATALOG_COMPILER_LAUNCHIMAGE_NAME = LaunchImage;
				CLANG_CXX_LANGUAGE_STANDARD = "compiler-default";
				CLANG_CXX_LIBRARY = "compiler-default";
				GCC_PRECOMPILE_PREFIX_HEADER = YES;
				GCC_PREFIX_HEADER = "BeepSendApplication/BeepSendApplication-Prefix.pch";
				HEADER_SEARCH_PATHS = (
					"$(PROJECT_DIR)/../BeepSendSDK/BeepSendSDK/BeepSendSDK/**",
					"$(inherited)",
					/Applications/Xcode.app/Contents/Developer/Toolchains/XcodeDefault.xctoolchain/usr/include,
				);
				INFOPLIST_FILE = "BeepSendApplication/BeepSendApplication-Info.plist";
				LIBRARY_SEARCH_PATHS = "$(TARGET_BUILD_DIR)";
				ONLY_ACTIVE_ARCH = YES;
				OTHER_LDFLAGS = "-Objc";
				PRODUCT_NAME = "$(TARGET_NAME)";
				USER_HEADER_SEARCH_PATHS = "";
				WRAPPER_EXTENSION = app;
			};
			name = Debug;
		};
		6E65380719472BD700FC6349 /* Release */ = {
			isa = XCBuildConfiguration;
			buildSettings = {
				ASSETCATALOG_COMPILER_APPICON_NAME = AppIcon;
				ASSETCATALOG_COMPILER_LAUNCHIMAGE_NAME = LaunchImage;
				CLANG_CXX_LANGUAGE_STANDARD = "compiler-default";
				CLANG_CXX_LIBRARY = "compiler-default";
				GCC_PRECOMPILE_PREFIX_HEADER = YES;
				GCC_PREFIX_HEADER = "BeepSendApplication/BeepSendApplication-Prefix.pch";
				HEADER_SEARCH_PATHS = (
					"$(PROJECT_DIR)/../BeepSendSDK/BeepSendSDK/BeepSendSDK/**",
					"$(inherited)",
					/Applications/Xcode.app/Contents/Developer/Toolchains/XcodeDefault.xctoolchain/usr/include,
				);
				INFOPLIST_FILE = "BeepSendApplication/BeepSendApplication-Info.plist";
				LIBRARY_SEARCH_PATHS = "$(TARGET_BUILD_DIR)";
				ONLY_ACTIVE_ARCH = YES;
				OTHER_LDFLAGS = "-Objc";
				PRODUCT_NAME = "$(TARGET_NAME)";
				USER_HEADER_SEARCH_PATHS = "";
				WRAPPER_EXTENSION = app;
			};
			name = Release;
		};
		6E65380919472BD700FC6349 /* Debug */ = {
			isa = XCBuildConfiguration;
			buildSettings = {
				BUNDLE_LOADER = "$(BUILT_PRODUCTS_DIR)/BeepSendApplication.app/BeepSendApplication";
				FRAMEWORK_SEARCH_PATHS = (
					"$(SDKROOT)/Developer/Library/Frameworks",
					"$(inherited)",
					"$(DEVELOPER_FRAMEWORKS_DIR)",
				);
				GCC_PRECOMPILE_PREFIX_HEADER = YES;
				GCC_PREFIX_HEADER = "BeepSendApplication/BeepSendApplication-Prefix.pch";
				GCC_PREPROCESSOR_DEFINITIONS = (
					"DEBUG=1",
					"$(inherited)",
				);
				INFOPLIST_FILE = "BeepSendApplicationTests/BeepSendApplicationTests-Info.plist";
				PRODUCT_NAME = "$(TARGET_NAME)";
				TEST_HOST = "$(BUNDLE_LOADER)";
				WRAPPER_EXTENSION = xctest;
			};
			name = Debug;
		};
		6E65380A19472BD700FC6349 /* Release */ = {
			isa = XCBuildConfiguration;
			buildSettings = {
				BUNDLE_LOADER = "$(BUILT_PRODUCTS_DIR)/BeepSendApplication.app/BeepSendApplication";
				FRAMEWORK_SEARCH_PATHS = (
					"$(SDKROOT)/Developer/Library/Frameworks",
					"$(inherited)",
					"$(DEVELOPER_FRAMEWORKS_DIR)",
				);
				GCC_PRECOMPILE_PREFIX_HEADER = YES;
				GCC_PREFIX_HEADER = "BeepSendApplication/BeepSendApplication-Prefix.pch";
				INFOPLIST_FILE = "BeepSendApplicationTests/BeepSendApplicationTests-Info.plist";
				PRODUCT_NAME = "$(TARGET_NAME)";
				TEST_HOST = "$(BUNDLE_LOADER)";
				WRAPPER_EXTENSION = xctest;
			};
			name = Release;
		};
		6EB6853D1949954F0010FC73 /* Distribution */ = {
			isa = XCBuildConfiguration;
			buildSettings = {
				ALWAYS_SEARCH_USER_PATHS = NO;
				CLANG_CXX_LANGUAGE_STANDARD = "gnu++0x";
				CLANG_CXX_LIBRARY = "libc++";
				CLANG_ENABLE_MODULES = YES;
				CLANG_ENABLE_OBJC_ARC = YES;
				CLANG_WARN_BOOL_CONVERSION = YES;
				CLANG_WARN_CONSTANT_CONVERSION = YES;
				CLANG_WARN_DIRECT_OBJC_ISA_USAGE = YES_ERROR;
				CLANG_WARN_EMPTY_BODY = YES;
				CLANG_WARN_ENUM_CONVERSION = YES;
				CLANG_WARN_INT_CONVERSION = YES;
				CLANG_WARN_OBJC_ROOT_CLASS = YES_ERROR;
				CLANG_WARN__DUPLICATE_METHOD_MATCH = YES;
				"CODE_SIGN_IDENTITY[sdk=iphoneos*]" = "iPhone Developer";
				COPY_PHASE_STRIP = YES;
				ENABLE_NS_ASSERTIONS = NO;
				GCC_C_LANGUAGE_STANDARD = gnu99;
				GCC_PREPROCESSOR_DEFINITIONS = "DISTRIBUTION=1";
				GCC_WARN_64_TO_32_BIT_CONVERSION = YES;
				GCC_WARN_ABOUT_RETURN_TYPE = YES_ERROR;
				GCC_WARN_UNDECLARED_SELECTOR = YES;
				GCC_WARN_UNINITIALIZED_AUTOS = YES_AGGRESSIVE;
				GCC_WARN_UNUSED_FUNCTION = YES;
				GCC_WARN_UNUSED_VARIABLE = YES;
				IPHONEOS_DEPLOYMENT_TARGET = 7.1;
				SDKROOT = iphoneos;
				VALIDATE_PRODUCT = YES;
			};
			name = Distribution;
		};
		6EB6853E1949954F0010FC73 /* Distribution */ = {
			isa = XCBuildConfiguration;
			buildSettings = {
				ASSETCATALOG_COMPILER_APPICON_NAME = AppIcon;
				ASSETCATALOG_COMPILER_LAUNCHIMAGE_NAME = LaunchImage;
				CLANG_CXX_LANGUAGE_STANDARD = "compiler-default";
				CLANG_CXX_LIBRARY = "compiler-default";
				GCC_PRECOMPILE_PREFIX_HEADER = YES;
				GCC_PREFIX_HEADER = "BeepSendApplication/BeepSendApplication-Prefix.pch";
				HEADER_SEARCH_PATHS = (
					"$(PROJECT_DIR)/../BeepSendSDK/BeepSendSDK/BeepSendSDK/**",
					"$(inherited)",
					/Applications/Xcode.app/Contents/Developer/Toolchains/XcodeDefault.xctoolchain/usr/include,
				);
				INFOPLIST_FILE = "BeepSendApplication/BeepSendApplication-Info.plist";
				LIBRARY_SEARCH_PATHS = "$(TARGET_BUILD_DIR)";
				ONLY_ACTIVE_ARCH = YES;
				OTHER_LDFLAGS = "-Objc";
				PRODUCT_NAME = "$(TARGET_NAME)";
				USER_HEADER_SEARCH_PATHS = "";
				WRAPPER_EXTENSION = app;
			};
			name = Distribution;
		};
		6EB6853F1949954F0010FC73 /* Distribution */ = {
			isa = XCBuildConfiguration;
			buildSettings = {
				BUNDLE_LOADER = "$(BUILT_PRODUCTS_DIR)/BeepSendApplication.app/BeepSendApplication";
				FRAMEWORK_SEARCH_PATHS = (
					"$(SDKROOT)/Developer/Library/Frameworks",
					"$(inherited)",
					"$(DEVELOPER_FRAMEWORKS_DIR)",
				);
				GCC_PRECOMPILE_PREFIX_HEADER = YES;
				GCC_PREFIX_HEADER = "BeepSendApplication/BeepSendApplication-Prefix.pch";
				INFOPLIST_FILE = "BeepSendApplicationTests/BeepSendApplicationTests-Info.plist";
				PRODUCT_NAME = "$(TARGET_NAME)";
				TEST_HOST = "$(BUNDLE_LOADER)";
				WRAPPER_EXTENSION = xctest;
			};
			name = Distribution;
		};
/* End XCBuildConfiguration section */

/* Begin XCConfigurationList section */
		6E6537D419472BD700FC6349 /* Build configuration list for PBXProject "BeepSendApplication" */ = {
			isa = XCConfigurationList;
			buildConfigurations = (
				6E65380319472BD700FC6349 /* Debug */,
				6E65380419472BD700FC6349 /* Release */,
				6EB6853D1949954F0010FC73 /* Distribution */,
			);
			defaultConfigurationIsVisible = 0;
			defaultConfigurationName = Release;
		};
		6E65380519472BD700FC6349 /* Build configuration list for PBXNativeTarget "BeepSendApplication" */ = {
			isa = XCConfigurationList;
			buildConfigurations = (
				6E65380619472BD700FC6349 /* Debug */,
				6E65380719472BD700FC6349 /* Release */,
				6EB6853E1949954F0010FC73 /* Distribution */,
			);
			defaultConfigurationIsVisible = 0;
			defaultConfigurationName = Release;
		};
		6E65380819472BD700FC6349 /* Build configuration list for PBXNativeTarget "BeepSendApplicationTests" */ = {
			isa = XCConfigurationList;
			buildConfigurations = (
				6E65380919472BD700FC6349 /* Debug */,
				6E65380A19472BD700FC6349 /* Release */,
				6EB6853F1949954F0010FC73 /* Distribution */,
			);
			defaultConfigurationIsVisible = 0;
			defaultConfigurationName = Release;
		};
/* End XCConfigurationList section */
	};
	rootObject = 6E6537D119472BD700FC6349 /* Project object */;
}
